// !$*UTF8*$!
{
	archiveVersion = 1;
	classes = {
	};
	objectVersion = 50;
	objects = {

/* Begin PBXBuildFile section */
		A44F7DED223CF5B400E48FE9 /* CardViewModel.swift in Sources */ = {isa = PBXBuildFile; fileRef = A44F7DEC223CF5B400E48FE9 /* CardViewModel.swift */; };
		A44F7DEF223CFB8A00E48FE9 /* Advertiser.swift in Sources */ = {isa = PBXBuildFile; fileRef = A44F7DEE223CFB8A00E48FE9 /* Advertiser.swift */; };
		A490BEED223A1B7600C161CB /* AppDelegate.swift in Sources */ = {isa = PBXBuildFile; fileRef = A490BEEC223A1B7600C161CB /* AppDelegate.swift */; };
		A490BEEF223A1B7600C161CB /* HomeController.swift in Sources */ = {isa = PBXBuildFile; fileRef = A490BEEE223A1B7600C161CB /* HomeController.swift */; };
		A490BEF2223A1B7600C161CB /* Main.storyboard in Resources */ = {isa = PBXBuildFile; fileRef = A490BEF0223A1B7600C161CB /* Main.storyboard */; };
		A490BEF5223A1B7600C161CB /* TinderClone.xcdatamodeld in Sources */ = {isa = PBXBuildFile; fileRef = A490BEF3223A1B7600C161CB /* TinderClone.xcdatamodeld */; };
		A490BEF7223A1B7700C161CB /* Assets.xcassets in Resources */ = {isa = PBXBuildFile; fileRef = A490BEF6223A1B7700C161CB /* Assets.xcassets */; };
		A490BEFA223A1B7700C161CB /* LaunchScreen.storyboard in Resources */ = {isa = PBXBuildFile; fileRef = A490BEF8223A1B7700C161CB /* LaunchScreen.storyboard */; };
		A490BF05223A1B7800C161CB /* TinderCloneTests.swift in Sources */ = {isa = PBXBuildFile; fileRef = A490BF04223A1B7800C161CB /* TinderCloneTests.swift */; };
		A490BF10223A1B7800C161CB /* TinderCloneUITests.swift in Sources */ = {isa = PBXBuildFile; fileRef = A490BF0F223A1B7800C161CB /* TinderCloneUITests.swift */; };
		A490BF1E223A1B9E00C161CB /* UIView.swift in Sources */ = {isa = PBXBuildFile; fileRef = A490BF1D223A1B9E00C161CB /* UIView.swift */; };
		A490BF22223A264800C161CB /* HomeBottomControlsStackView.swift in Sources */ = {isa = PBXBuildFile; fileRef = A490BF21223A264800C161CB /* HomeBottomControlsStackView.swift */; };
		A490BF24223A2A3700C161CB /* HomeTopNavStackView.swift in Sources */ = {isa = PBXBuildFile; fileRef = A490BF23223A2A3700C161CB /* HomeTopNavStackView.swift */; };
		A490BF26223A2EF000C161CB /* CardView.swift in Sources */ = {isa = PBXBuildFile; fileRef = A490BF25223A2EF000C161CB /* CardView.swift */; };
		A490BF29223B77D900C161CB /* User.swift in Sources */ = {isa = PBXBuildFile; fileRef = A490BF28223B77D900C161CB /* User.swift */; };
/* End PBXBuildFile section */

/* Begin PBXContainerItemProxy section */
		A490BF01223A1B7800C161CB /* PBXContainerItemProxy */ = {
			isa = PBXContainerItemProxy;
			containerPortal = A490BEE1223A1B7600C161CB /* Project object */;
			proxyType = 1;
			remoteGlobalIDString = A490BEE8223A1B7600C161CB;
			remoteInfo = TinderClone;
		};
		A490BF0C223A1B7800C161CB /* PBXContainerItemProxy */ = {
			isa = PBXContainerItemProxy;
			containerPortal = A490BEE1223A1B7600C161CB /* Project object */;
			proxyType = 1;
			remoteGlobalIDString = A490BEE8223A1B7600C161CB;
			remoteInfo = TinderClone;
		};
/* End PBXContainerItemProxy section */

/* Begin PBXFileReference section */
		A44F7DEC223CF5B400E48FE9 /* CardViewModel.swift */ = {isa = PBXFileReference; lastKnownFileType = sourcecode.swift; path = CardViewModel.swift; sourceTree = "<group>"; };
		A44F7DEE223CFB8A00E48FE9 /* Advertiser.swift */ = {isa = PBXFileReference; lastKnownFileType = sourcecode.swift; path = Advertiser.swift; sourceTree = "<group>"; };
		A490BEE9223A1B7600C161CB /* TinderClone.app */ = {isa = PBXFileReference; explicitFileType = wrapper.application; includeInIndex = 0; path = TinderClone.app; sourceTree = BUILT_PRODUCTS_DIR; };
		A490BEEC223A1B7600C161CB /* AppDelegate.swift */ = {isa = PBXFileReference; lastKnownFileType = sourcecode.swift; path = AppDelegate.swift; sourceTree = "<group>"; };
		A490BEEE223A1B7600C161CB /* HomeController.swift */ = {isa = PBXFileReference; lastKnownFileType = sourcecode.swift; path = HomeController.swift; sourceTree = "<group>"; };
		A490BEF1223A1B7600C161CB /* Base */ = {isa = PBXFileReference; lastKnownFileType = file.storyboard; name = Base; path = Base.lproj/Main.storyboard; sourceTree = "<group>"; };
		A490BEF4223A1B7600C161CB /* TinderClone.xcdatamodel */ = {isa = PBXFileReference; lastKnownFileType = wrapper.xcdatamodel; path = TinderClone.xcdatamodel; sourceTree = "<group>"; };
		A490BEF6223A1B7700C161CB /* Assets.xcassets */ = {isa = PBXFileReference; lastKnownFileType = folder.assetcatalog; path = Assets.xcassets; sourceTree = "<group>"; };
		A490BEF9223A1B7700C161CB /* Base */ = {isa = PBXFileReference; lastKnownFileType = file.storyboard; name = Base; path = Base.lproj/LaunchScreen.storyboard; sourceTree = "<group>"; };
		A490BEFB223A1B7700C161CB /* Info.plist */ = {isa = PBXFileReference; lastKnownFileType = text.plist.xml; path = Info.plist; sourceTree = "<group>"; };
		A490BF00223A1B7800C161CB /* TinderCloneTests.xctest */ = {isa = PBXFileReference; explicitFileType = wrapper.cfbundle; includeInIndex = 0; path = TinderCloneTests.xctest; sourceTree = BUILT_PRODUCTS_DIR; };
		A490BF04223A1B7800C161CB /* TinderCloneTests.swift */ = {isa = PBXFileReference; lastKnownFileType = sourcecode.swift; path = TinderCloneTests.swift; sourceTree = "<group>"; };
		A490BF06223A1B7800C161CB /* Info.plist */ = {isa = PBXFileReference; lastKnownFileType = text.plist.xml; path = Info.plist; sourceTree = "<group>"; };
		A490BF0B223A1B7800C161CB /* TinderCloneUITests.xctest */ = {isa = PBXFileReference; explicitFileType = wrapper.cfbundle; includeInIndex = 0; path = TinderCloneUITests.xctest; sourceTree = BUILT_PRODUCTS_DIR; };
		A490BF0F223A1B7800C161CB /* TinderCloneUITests.swift */ = {isa = PBXFileReference; lastKnownFileType = sourcecode.swift; path = TinderCloneUITests.swift; sourceTree = "<group>"; };
		A490BF11223A1B7800C161CB /* Info.plist */ = {isa = PBXFileReference; lastKnownFileType = text.plist.xml; path = Info.plist; sourceTree = "<group>"; };
		A490BF1D223A1B9E00C161CB /* UIView.swift */ = {isa = PBXFileReference; fileEncoding = 4; lastKnownFileType = sourcecode.swift; path = UIView.swift; sourceTree = "<group>"; };
		A490BF21223A264800C161CB /* HomeBottomControlsStackView.swift */ = {isa = PBXFileReference; lastKnownFileType = sourcecode.swift; path = HomeBottomControlsStackView.swift; sourceTree = "<group>"; };
		A490BF23223A2A3700C161CB /* HomeTopNavStackView.swift */ = {isa = PBXFileReference; lastKnownFileType = sourcecode.swift; path = HomeTopNavStackView.swift; sourceTree = "<group>"; };
		A490BF25223A2EF000C161CB /* CardView.swift */ = {isa = PBXFileReference; lastKnownFileType = sourcecode.swift; path = CardView.swift; sourceTree = "<group>"; };
		A490BF28223B77D900C161CB /* User.swift */ = {isa = PBXFileReference; lastKnownFileType = sourcecode.swift; path = User.swift; sourceTree = "<group>"; };
/* End PBXFileReference section */

/* Begin PBXFrameworksBuildPhase section */
		A490BEE6223A1B7600C161CB /* Frameworks */ = {
			isa = PBXFrameworksBuildPhase;
			buildActionMask = 2147483647;
			files = (
			);
			runOnlyForDeploymentPostprocessing = 0;
		};
		A490BEFD223A1B7700C161CB /* Frameworks */ = {
			isa = PBXFrameworksBuildPhase;
			buildActionMask = 2147483647;
			files = (
			);
			runOnlyForDeploymentPostprocessing = 0;
		};
		A490BF08223A1B7800C161CB /* Frameworks */ = {
			isa = PBXFrameworksBuildPhase;
			buildActionMask = 2147483647;
			files = (
			);
			runOnlyForDeploymentPostprocessing = 0;
		};
/* End PBXFrameworksBuildPhase section */

/* Begin PBXGroup section */
		A44F7DEA223CF59200E48FE9 /* ViewModels */ = {
			isa = PBXGroup;
			children = (
				A44F7DEC223CF5B400E48FE9 /* CardViewModel.swift */,
			);
			path = ViewModels;
			sourceTree = "<group>";
		};
		A44F7DEB223CF59F00E48FE9 /* Controllers */ = {
			isa = PBXGroup;
			children = (
				A490BEEE223A1B7600C161CB /* HomeController.swift */,
			);
			path = Controllers;
			sourceTree = "<group>";
		};
		A490BEE0223A1B7600C161CB = {
			isa = PBXGroup;
			children = (
				A490BEEB223A1B7600C161CB /* TinderClone */,
				A490BF03223A1B7800C161CB /* TinderCloneTests */,
				A490BF0E223A1B7800C161CB /* TinderCloneUITests */,
				A490BEEA223A1B7600C161CB /* Products */,
			);
			sourceTree = "<group>";
		};
		A490BEEA223A1B7600C161CB /* Products */ = {
			isa = PBXGroup;
			children = (
				A490BEE9223A1B7600C161CB /* TinderClone.app */,
				A490BF00223A1B7800C161CB /* TinderCloneTests.xctest */,
				A490BF0B223A1B7800C161CB /* TinderCloneUITests.xctest */,
			);
			name = Products;
			sourceTree = "<group>";
		};
		A490BEEB223A1B7600C161CB /* TinderClone */ = {
			isa = PBXGroup;
			children = (
				A44F7DEA223CF59200E48FE9 /* ViewModels */,
				A490BF27223B77CE00C161CB /* Model */,
				A490BF20223A261900C161CB /* Views */,
				A490BF1F223A1BA700C161CB /* Extensions */,
				A44F7DEB223CF59F00E48FE9 /* Controllers */,
				A490BEEC223A1B7600C161CB /* AppDelegate.swift */,
				A490BEF0223A1B7600C161CB /* Main.storyboard */,
				A490BEF6223A1B7700C161CB /* Assets.xcassets */,
				A490BEF8223A1B7700C161CB /* LaunchScreen.storyboard */,
				A490BEFB223A1B7700C161CB /* Info.plist */,
				A490BEF3223A1B7600C161CB /* TinderClone.xcdatamodeld */,
			);
			path = TinderClone;
			sourceTree = "<group>";
		};
		A490BF03223A1B7800C161CB /* TinderCloneTests */ = {
			isa = PBXGroup;
			children = (
				A490BF04223A1B7800C161CB /* TinderCloneTests.swift */,
				A490BF06223A1B7800C161CB /* Info.plist */,
			);
			path = TinderCloneTests;
			sourceTree = "<group>";
		};
		A490BF0E223A1B7800C161CB /* TinderCloneUITests */ = {
			isa = PBXGroup;
			children = (
				A490BF0F223A1B7800C161CB /* TinderCloneUITests.swift */,
				A490BF11223A1B7800C161CB /* Info.plist */,
			);
			path = TinderCloneUITests;
			sourceTree = "<group>";
		};
		A490BF1F223A1BA700C161CB /* Extensions */ = {
			isa = PBXGroup;
			children = (
				A490BF1D223A1B9E00C161CB /* UIView.swift */,
			);
			path = Extensions;
			sourceTree = "<group>";
		};
		A490BF20223A261900C161CB /* Views */ = {
			isa = PBXGroup;
			children = (
				A490BF21223A264800C161CB /* HomeBottomControlsStackView.swift */,
				A490BF23223A2A3700C161CB /* HomeTopNavStackView.swift */,
				A490BF25223A2EF000C161CB /* CardView.swift */,
			);
			path = Views;
			sourceTree = "<group>";
		};
		A490BF27223B77CE00C161CB /* Model */ = {
			isa = PBXGroup;
			children = (
				A490BF28223B77D900C161CB /* User.swift */,
				A44F7DEE223CFB8A00E48FE9 /* Advertiser.swift */,
			);
			path = Model;
			sourceTree = "<group>";
		};
/* End PBXGroup section */

/* Begin PBXNativeTarget section */
		A490BEE8223A1B7600C161CB /* TinderClone */ = {
			isa = PBXNativeTarget;
			buildConfigurationList = A490BF14223A1B7800C161CB /* Build configuration list for PBXNativeTarget "TinderClone" */;
			buildPhases = (
				A490BEE5223A1B7600C161CB /* Sources */,
				A490BEE6223A1B7600C161CB /* Frameworks */,
				A490BEE7223A1B7600C161CB /* Resources */,
			);
			buildRules = (
			);
			dependencies = (
			);
			name = TinderClone;
			productName = TinderClone;
			productReference = A490BEE9223A1B7600C161CB /* TinderClone.app */;
			productType = "com.apple.product-type.application";
		};
		A490BEFF223A1B7700C161CB /* TinderCloneTests */ = {
			isa = PBXNativeTarget;
			buildConfigurationList = A490BF17223A1B7800C161CB /* Build configuration list for PBXNativeTarget "TinderCloneTests" */;
			buildPhases = (
				A490BEFC223A1B7700C161CB /* Sources */,
				A490BEFD223A1B7700C161CB /* Frameworks */,
				A490BEFE223A1B7700C161CB /* Resources */,
			);
			buildRules = (
			);
			dependencies = (
				A490BF02223A1B7800C161CB /* PBXTargetDependency */,
			);
			name = TinderCloneTests;
			productName = TinderCloneTests;
			productReference = A490BF00223A1B7800C161CB /* TinderCloneTests.xctest */;
			productType = "com.apple.product-type.bundle.unit-test";
		};
		A490BF0A223A1B7800C161CB /* TinderCloneUITests */ = {
			isa = PBXNativeTarget;
			buildConfigurationList = A490BF1A223A1B7800C161CB /* Build configuration list for PBXNativeTarget "TinderCloneUITests" */;
			buildPhases = (
				A490BF07223A1B7800C161CB /* Sources */,
				A490BF08223A1B7800C161CB /* Frameworks */,
				A490BF09223A1B7800C161CB /* Resources */,
			);
			buildRules = (
			);
			dependencies = (
				A490BF0D223A1B7800C161CB /* PBXTargetDependency */,
			);
			name = TinderCloneUITests;
			productName = TinderCloneUITests;
			productReference = A490BF0B223A1B7800C161CB /* TinderCloneUITests.xctest */;
			productType = "com.apple.product-type.bundle.ui-testing";
		};
/* End PBXNativeTarget section */

/* Begin PBXProject section */
		A490BEE1223A1B7600C161CB /* Project object */ = {
			isa = PBXProject;
			attributes = {
				LastSwiftUpdateCheck = 1010;
				LastUpgradeCheck = 1010;
				ORGANIZATIONNAME = "Prudhvi Gadiraju";
				TargetAttributes = {
					A490BEE8223A1B7600C161CB = {
						CreatedOnToolsVersion = 10.1;
					};
					A490BEFF223A1B7700C161CB = {
						CreatedOnToolsVersion = 10.1;
						TestTargetID = A490BEE8223A1B7600C161CB;
					};
					A490BF0A223A1B7800C161CB = {
						CreatedOnToolsVersion = 10.1;
						TestTargetID = A490BEE8223A1B7600C161CB;
					};
				};
			};
			buildConfigurationList = A490BEE4223A1B7600C161CB /* Build configuration list for PBXProject "TinderClone" */;
			compatibilityVersion = "Xcode 9.3";
			developmentRegion = en;
			hasScannedForEncodings = 0;
			knownRegions = (
				en,
				Base,
			);
			mainGroup = A490BEE0223A1B7600C161CB;
			productRefGroup = A490BEEA223A1B7600C161CB /* Products */;
			projectDirPath = "";
			projectRoot = "";
			targets = (
				A490BEE8223A1B7600C161CB /* TinderClone */,
				A490BEFF223A1B7700C161CB /* TinderCloneTests */,
				A490BF0A223A1B7800C161CB /* TinderCloneUITests */,
			);
		};
/* End PBXProject section */

/* Begin PBXResourcesBuildPhase section */
		A490BEE7223A1B7600C161CB /* Resources */ = {
			isa = PBXResourcesBuildPhase;
			buildActionMask = 2147483647;
			files = (
				A490BEFA223A1B7700C161CB /* LaunchScreen.storyboard in Resources */,
				A490BEF7223A1B7700C161CB /* Assets.xcassets in Resources */,
				A490BEF2223A1B7600C161CB /* Main.storyboard in Resources */,
			);
			runOnlyForDeploymentPostprocessing = 0;
		};
		A490BEFE223A1B7700C161CB /* Resources */ = {
			isa = PBXResourcesBuildPhase;
			buildActionMask = 2147483647;
			files = (
			);
			runOnlyForDeploymentPostprocessing = 0;
		};
		A490BF09223A1B7800C161CB /* Resources */ = {
			isa = PBXResourcesBuildPhase;
			buildActionMask = 2147483647;
			files = (
			);
			runOnlyForDeploymentPostprocessing = 0;
		};
/* End PBXResourcesBuildPhase section */

/* Begin PBXSourcesBuildPhase section */
		A490BEE5223A1B7600C161CB /* Sources */ = {
			isa = PBXSourcesBuildPhase;
			buildActionMask = 2147483647;
			files = (
				A44F7DEF223CFB8A00E48FE9 /* Advertiser.swift in Sources */,
				A490BF26223A2EF000C161CB /* CardView.swift in Sources */,
				A490BEEF223A1B7600C161CB /* HomeController.swift in Sources */,
				A490BEF5223A1B7600C161CB /* TinderClone.xcdatamodeld in Sources */,
				A490BF22223A264800C161CB /* HomeBottomControlsStackView.swift in Sources */,
				A490BF29223B77D900C161CB /* User.swift in Sources */,
				A490BF1E223A1B9E00C161CB /* UIView.swift in Sources */,
				A490BF24223A2A3700C161CB /* HomeTopNavStackView.swift in Sources */,
				A490BEED223A1B7600C161CB /* AppDelegate.swift in Sources */,
				A44F7DED223CF5B400E48FE9 /* CardViewModel.swift in Sources */,
			);
			runOnlyForDeploymentPostprocessing = 0;
		};
		A490BEFC223A1B7700C161CB /* Sources */ = {
			isa = PBXSourcesBuildPhase;
			buildActionMask = 2147483647;
			files = (
				A490BF05223A1B7800C161CB /* TinderCloneTests.swift in Sources */,
			);
			runOnlyForDeploymentPostprocessing = 0;
		};
		A490BF07223A1B7800C161CB /* Sources */ = {
			isa = PBXSourcesBuildPhase;
			buildActionMask = 2147483647;
			files = (
				A490BF10223A1B7800C161CB /* TinderCloneUITests.swift in Sources */,
			);
			runOnlyForDeploymentPostprocessing = 0;
		};
/* End PBXSourcesBuildPhase section */

/* Begin PBXTargetDependency section */
		A490BF02223A1B7800C161CB /* PBXTargetDependency */ = {
			isa = PBXTargetDependency;
			target = A490BEE8223A1B7600C161CB /* TinderClone */;
			targetProxy = A490BF01223A1B7800C161CB /* PBXContainerItemProxy */;
		};
		A490BF0D223A1B7800C161CB /* PBXTargetDependency */ = {
			isa = PBXTargetDependency;
			target = A490BEE8223A1B7600C161CB /* TinderClone */;
			targetProxy = A490BF0C223A1B7800C161CB /* PBXContainerItemProxy */;
		};
/* End PBXTargetDependency section */

/* Begin PBXVariantGroup section */
		A490BEF0223A1B7600C161CB /* Main.storyboard */ = {
			isa = PBXVariantGroup;
			children = (
				A490BEF1223A1B7600C161CB /* Base */,
			);
			name = Main.storyboard;
			sourceTree = "<group>";
		};
		A490BEF8223A1B7700C161CB /* LaunchScreen.storyboard */ = {
			isa = PBXVariantGroup;
			children = (
				A490BEF9223A1B7700C161CB /* Base */,
			);
			name = LaunchScreen.storyboard;
			sourceTree = "<group>";
		};
/* End PBXVariantGroup section */

/* Begin XCBuildConfiguration section */
		A490BF12223A1B7800C161CB /* Debug */ = {
			isa = XCBuildConfiguration;
			buildSettings = {
				ALWAYS_SEARCH_USER_PATHS = NO;
				CLANG_ANALYZER_NONNULL = YES;
				CLANG_ANALYZER_NUMBER_OBJECT_CONVERSION = YES_AGGRESSIVE;
				CLANG_CXX_LANGUAGE_STANDARD = "gnu++14";
				CLANG_CXX_LIBRARY = "libc++";
				CLANG_ENABLE_MODULES = YES;
				CLANG_ENABLE_OBJC_ARC = YES;
				CLANG_ENABLE_OBJC_WEAK = YES;
				CLANG_WARN_BLOCK_CAPTURE_AUTORELEASING = YES;
				CLANG_WARN_BOOL_CONVERSION = YES;
				CLANG_WARN_COMMA = YES;
				CLANG_WARN_CONSTANT_CONVERSION = YES;
				CLANG_WARN_DEPRECATED_OBJC_IMPLEMENTATIONS = YES;
				CLANG_WARN_DIRECT_OBJC_ISA_USAGE = YES_ERROR;
				CLANG_WARN_DOCUMENTATION_COMMENTS = YES;
				CLANG_WARN_EMPTY_BODY = YES;
				CLANG_WARN_ENUM_CONVERSION = YES;
				CLANG_WARN_INFINITE_RECURSION = YES;
				CLANG_WARN_INT_CONVERSION = YES;
				CLANG_WARN_NON_LITERAL_NULL_CONVERSION = YES;
				CLANG_WARN_OBJC_IMPLICIT_RETAIN_SELF = YES;
				CLANG_WARN_OBJC_LITERAL_CONVERSION = YES;
				CLANG_WARN_OBJC_ROOT_CLASS = YES_ERROR;
				CLANG_WARN_RANGE_LOOP_ANALYSIS = YES;
				CLANG_WARN_STRICT_PROTOTYPES = YES;
				CLANG_WARN_SUSPICIOUS_MOVE = YES;
				CLANG_WARN_UNGUARDED_AVAILABILITY = YES_AGGRESSIVE;
				CLANG_WARN_UNREACHABLE_CODE = YES;
				CLANG_WARN__DUPLICATE_METHOD_MATCH = YES;
				CODE_SIGN_IDENTITY = "iPhone Developer";
				COPY_PHASE_STRIP = NO;
				DEBUG_INFORMATION_FORMAT = dwarf;
				ENABLE_STRICT_OBJC_MSGSEND = YES;
				ENABLE_TESTABILITY = YES;
				GCC_C_LANGUAGE_STANDARD = gnu11;
				GCC_DYNAMIC_NO_PIC = NO;
				GCC_NO_COMMON_BLOCKS = YES;
				GCC_OPTIMIZATION_LEVEL = 0;
				GCC_PREPROCESSOR_DEFINITIONS = (
					"DEBUG=1",
					"$(inherited)",
				);
				GCC_WARN_64_TO_32_BIT_CONVERSION = YES;
				GCC_WARN_ABOUT_RETURN_TYPE = YES_ERROR;
				GCC_WARN_UNDECLARED_SELECTOR = YES;
				GCC_WARN_UNINITIALIZED_AUTOS = YES_AGGRESSIVE;
				GCC_WARN_UNUSED_FUNCTION = YES;
				GCC_WARN_UNUSED_VARIABLE = YES;
				IPHONEOS_DEPLOYMENT_TARGET = 12.1;
				MTL_ENABLE_DEBUG_INFO = INCLUDE_SOURCE;
				MTL_FAST_MATH = YES;
				ONLY_ACTIVE_ARCH = YES;
				SDKROOT = iphoneos;
				SWIFT_ACTIVE_COMPILATION_CONDITIONS = DEBUG;
				SWIFT_OPTIMIZATION_LEVEL = "-Onone";
			};
			name = Debug;
		};
		A490BF13223A1B7800C161CB /* Release */ = {
			isa = XCBuildConfiguration;
			buildSettings = {
				ALWAYS_SEARCH_USER_PATHS = NO;
				CLANG_ANALYZER_NONNULL = YES;
				CLANG_ANALYZER_NUMBER_OBJECT_CONVERSION = YES_AGGRESSIVE;
				CLANG_CXX_LANGUAGE_STANDARD = "gnu++14";
				CLANG_CXX_LIBRARY = "libc++";
				CLANG_ENABLE_MODULES = YES;
				CLANG_ENABLE_OBJC_ARC = YES;
				CLANG_ENABLE_OBJC_WEAK = YES;
				CLANG_WARN_BLOCK_CAPTURE_AUTORELEASING = YES;
				CLANG_WARN_BOOL_CONVERSION = YES;
				CLANG_WARN_COMMA = YES;
				CLANG_WARN_CONSTANT_CONVERSION = YES;
				CLANG_WARN_DEPRECATED_OBJC_IMPLEMENTATIONS = YES;
				CLANG_WARN_DIRECT_OBJC_ISA_USAGE = YES_ERROR;
				CLANG_WARN_DOCUMENTATION_COMMENTS = YES;
				CLANG_WARN_EMPTY_BODY = YES;
				CLANG_WARN_ENUM_CONVERSION = YES;
				CLANG_WARN_INFINITE_RECURSION = YES;
				CLANG_WARN_INT_CONVERSION = YES;
				CLANG_WARN_NON_LITERAL_NULL_CONVERSION = YES;
				CLANG_WARN_OBJC_IMPLICIT_RETAIN_SELF = YES;
				CLANG_WARN_OBJC_LITERAL_CONVERSION = YES;
				CLANG_WARN_OBJC_ROOT_CLASS = YES_ERROR;
				CLANG_WARN_RANGE_LOOP_ANALYSIS = YES;
				CLANG_WARN_STRICT_PROTOTYPES = YES;
				CLANG_WARN_SUSPICIOUS_MOVE = YES;
				CLANG_WARN_UNGUARDED_AVAILABILITY = YES_AGGRESSIVE;
				CLANG_WARN_UNREACHABLE_CODE = YES;
				CLANG_WARN__DUPLICATE_METHOD_MATCH = YES;
				CODE_SIGN_IDENTITY = "iPhone Developer";
				COPY_PHASE_STRIP = NO;
				DEBUG_INFORMATION_FORMAT = "dwarf-with-dsym";
				ENABLE_NS_ASSERTIONS = NO;
				ENABLE_STRICT_OBJC_MSGSEND = YES;
				GCC_C_LANGUAGE_STANDARD = gnu11;
				GCC_NO_COMMON_BLOCKS = YES;
				GCC_WARN_64_TO_32_BIT_CONVERSION = YES;
				GCC_WARN_ABOUT_RETURN_TYPE = YES_ERROR;
				GCC_WARN_UNDECLARED_SELECTOR = YES;
				GCC_WARN_UNINITIALIZED_AUTOS = YES_AGGRESSIVE;
				GCC_WARN_UNUSED_FUNCTION = YES;
				GCC_WARN_UNUSED_VARIABLE = YES;
				IPHONEOS_DEPLOYMENT_TARGET = 12.1;
				MTL_ENABLE_DEBUG_INFO = NO;
				MTL_FAST_MATH = YES;
				SDKROOT = iphoneos;
				SWIFT_COMPILATION_MODE = wholemodule;
				SWIFT_OPTIMIZATION_LEVEL = "-O";
				VALIDATE_PRODUCT = YES;
			};
			name = Release;
		};
		A490BF15223A1B7800C161CB /* Debug */ = {
			isa = XCBuildConfiguration;
			buildSettings = {
				ASSETCATALOG_COMPILER_APPICON_NAME = AppIcon;
				CODE_SIGN_STYLE = Automatic;
				DEVELOPMENT_TEAM = 4479HNAQMJ;
				INFOPLIST_FILE = TinderClone/Info.plist;
				LD_RUNPATH_SEARCH_PATHS = (
					"$(inherited)",
					"@executable_path/Frameworks",
				);
				PRODUCT_BUNDLE_IDENTIFIER = me.prudhvi.TinderClone;
				PRODUCT_NAME = "$(TARGET_NAME)";
				SWIFT_VERSION = 4.2;
				TARGETED_DEVICE_FAMILY = "1,2";
			};
			name = Debug;
		};
		A490BF16223A1B7800C161CB /* Release */ = {
			isa = XCBuildConfiguration;
			buildSettings = {
				ASSETCATALOG_COMPILER_APPICON_NAME = AppIcon;
				CODE_SIGN_STYLE = Automatic;
				DEVELOPMENT_TEAM = 4479HNAQMJ;
				INFOPLIST_FILE = TinderClone/Info.plist;
				LD_RUNPATH_SEARCH_PATHS = (
					"$(inherited)",
					"@executable_path/Frameworks",
				);
				PRODUCT_BUNDLE_IDENTIFIER = me.prudhvi.TinderClone;
				PRODUCT_NAME = "$(TARGET_NAME)";
				SWIFT_VERSION = 4.2;
				TARGETED_DEVICE_FAMILY = "1,2";
			};
			name = Release;
		};
		A490BF18223A1B7800C161CB /* Debug */ = {
			isa = XCBuildConfiguration;
			buildSettings = {
				ALWAYS_EMBED_SWIFT_STANDARD_LIBRARIES = YES;
				BUNDLE_LOADER = "$(TEST_HOST)";
				CODE_SIGN_STYLE = Automatic;
				DEVELOPMENT_TEAM = 4479HNAQMJ;
				INFOPLIST_FILE = TinderCloneTests/Info.plist;
				LD_RUNPATH_SEARCH_PATHS = (
					"$(inherited)",
					"@executable_path/Frameworks",
					"@loader_path/Frameworks",
				);
				PRODUCT_BUNDLE_IDENTIFIER = me.prudhvi.TinderCloneTests;
				PRODUCT_NAME = "$(TARGET_NAME)";
				SWIFT_VERSION = 4.2;
				TARGETED_DEVICE_FAMILY = "1,2";
				TEST_HOST = "$(BUILT_PRODUCTS_DIR)/TinderClone.app/TinderClone";
			};
			name = Debug;
		};
		A490BF19223A1B7800C161CB /* Release */ = {
			isa = XCBuildConfiguration;
			buildSettings = {
				ALWAYS_EMBED_SWIFT_STANDARD_LIBRARIES = YES;
				BUNDLE_LOADER = "$(TEST_HOST)";
				CODE_SIGN_STYLE = Automatic;
				DEVELOPMENT_TEAM = 4479HNAQMJ;
				INFOPLIST_FILE = TinderCloneTests/Info.plist;
				LD_RUNPATH_SEARCH_PATHS = (
					"$(inherited)",
					"@executable_path/Frameworks",
					"@loader_path/Frameworks",
				);
				PRODUCT_BUNDLE_IDENTIFIER = me.prudhvi.TinderCloneTests;
				PRODUCT_NAME = "$(TARGET_NAME)";
				SWIFT_VERSION = 4.2;
				TARGETED_DEVICE_FAMILY = "1,2";
				TEST_HOST = "$(BUILT_PRODUCTS_DIR)/TinderClone.app/TinderClone";
			};
			name = Release;
		};
		A490BF1B223A1B7800C161CB /* Debug */ = {
			isa = XCBuildConfiguration;
			buildSettings = {
				ALWAYS_EMBED_SWIFT_STANDARD_LIBRARIES = YES;
				CODE_SIGN_STYLE = Automatic;
				DEVELOPMENT_TEAM = 4479HNAQMJ;
				INFOPLIST_FILE = TinderCloneUITests/Info.plist;
				LD_RUNPATH_SEARCH_PATHS = (
					"$(inherited)",
					"@executable_path/Frameworks",
					"@loader_path/Frameworks",
				);
				PRODUCT_BUNDLE_IDENTIFIER = me.prudhvi.TinderCloneUITests;
				PRODUCT_NAME = "$(TARGET_NAME)";
				SWIFT_VERSION = 4.2;
				TARGETED_DEVICE_FAMILY = "1,2";
				TEST_TARGET_NAME = TinderClone;
			};
			name = Debug;
		};
		A490BF1C223A1B7800C161CB /* Release */ = {
			isa = XCBuildConfiguration;
			buildSettings = {
				ALWAYS_EMBED_SWIFT_STANDARD_LIBRARIES = YES;
				CODE_SIGN_STYLE = Automatic;
				DEVELOPMENT_TEAM = 4479HNAQMJ;
				INFOPLIST_FILE = TinderCloneUITests/Info.plist;
				LD_RUNPATH_SEARCH_PATHS = (
					"$(inherited)",
					"@executable_path/Frameworks",
					"@loader_path/Frameworks",
				);
				PRODUCT_BUNDLE_IDENTIFIER = me.prudhvi.TinderCloneUITests;
				PRODUCT_NAME = "$(TARGET_NAME)";
				SWIFT_VERSION = 4.2;
				TARGETED_DEVICE_FAMILY = "1,2";
				TEST_TARGET_NAME = TinderClone;
			};
			name = Release;
		};
/* End XCBuildConfiguration section */

/* Begin XCConfigurationList section */
		A490BEE4223A1B7600C161CB /* Build configuration list for PBXProject "TinderClone" */ = {
			isa = XCConfigurationList;
			buildConfigurations = (
				A490BF12223A1B7800C161CB /* Debug */,
				A490BF13223A1B7800C161CB /* Release */,
			);
			defaultConfigurationIsVisible = 0;
			defaultConfigurationName = Release;
		};
		A490BF14223A1B7800C161CB /* Build configuration list for PBXNativeTarget "TinderClone" */ = {
			isa = XCConfigurationList;
			buildConfigurations = (
				A490BF15223A1B7800C161CB /* Debug */,
				A490BF16223A1B7800C161CB /* Release */,
			);
			defaultConfigurationIsVisible = 0;
			defaultConfigurationName = Release;
		};
		A490BF17223A1B7800C161CB /* Build configuration list for PBXNativeTarget "TinderCloneTests" */ = {
			isa = XCConfigurationList;
			buildConfigurations = (
				A490BF18223A1B7800C161CB /* Debug */,
				A490BF19223A1B7800C161CB /* Release */,
			);
			defaultConfigurationIsVisible = 0;
			defaultConfigurationName = Release;
		};
		A490BF1A223A1B7800C161CB /* Build configuration list for PBXNativeTarget "TinderCloneUITests" */ = {
			isa = XCConfigurationList;
			buildConfigurations = (
				A490BF1B223A1B7800C161CB /* Debug */,
				A490BF1C223A1B7800C161CB /* Release */,
			);
			defaultConfigurationIsVisible = 0;
			defaultConfigurationName = Release;
		};
/* End XCConfigurationList section */

/* Begin XCVersionGroup section */
		A490BEF3223A1B7600C161CB /* TinderClone.xcdatamodeld */ = {
			isa = XCVersionGroup;
			children = (
				A490BEF4223A1B7600C161CB /* TinderClone.xcdatamodel */,
			);
			currentVersion = A490BEF4223A1B7600C161CB /* TinderClone.xcdatamodel */;
			path = TinderClone.xcdatamodeld;
			sourceTree = "<group>";
			versionGroupType = wrapper.xcdatamodel;
		};
/* End XCVersionGroup section */
	};
	rootObject = A490BEE1223A1B7600C161CB /* Project object */;
}
